
Microsoft Visual Studio Solution File, Format Version 12.00
# Visual Studio Version 17
VisualStudioVersion = 17.5.33530.505
MinimumVisualStudioVersion = 10.0.40219.1
Project("{FAE04EC0-301F-11D3-BF4B-00C04F79EFBC}") = "MovieRentalV04", "MovieRentalV04\MovieRentalV04.csproj", "{81D58D84-AD19-4A83-B5D1-942F1A1315EA}"
EndProject
Global
	GlobalSection(SolutionConfigurationPlatforms) = preSolution
		Debug|Any CPU = Debug|Any CPU
		Release|Any CPU = Release|Any CPU
	EndGlobalSection
	GlobalSection(ProjectConfigurationPlatforms) = postSolution
		{81D58D84-AD19-4A83-B5D1-942F1A1315EA}.Debug|Any CPU.ActiveCfg = Debug|Any CPU
		{81D58D84-AD19-4A83-B5D1-942F1A1315EA}.Debug|Any CPU.Build.0 = Debug|Any CPU
		{81D58D84-AD19-4A83-B5D1-942F1A1315EA}.Release|Any CPU.ActiveCfg = Release|Any CPU
		{81D58D84-AD19-4A83-B5D1-942F1A1315EA}.Release|Any CPU.Build.0 = Release|Any CPU
	EndGlobalSection
	GlobalSection(SolutionProperties) = preSolution
		HideSolutionNode = FALSE
	EndGlobalSection
	GlobalSection(ExtensibilityGlobals) = postSolution
		SolutionGuid = {2C269585-55DE-43F3-B1B3-543639CD9505}
	EndGlobalSection
EndGlobal
